Microsoft Visual Studio Solution File, Format Version 12.00
# Visual Studio Version 16
VisualStudioVersion = 16.0.30717.126
MinimumVisualStudioVersion = 10.0.40219.1
Project("{F184B08F-C81C-45F6-A57F-5ABD9991F28F}") = "coctdm1", "coctdm1.vbproj", "{F1B3E6E5-B312-4731-A9B3-47C961EED9B9}"
EndProject
Global
	GlobalSection(SolutionConfigurationPlatforms) = preSolution
		Debug|Any CPU = Debug|Any CPU
		Release|Any CPU = Release|Any CPU
	EndGlobalSection
	GlobalSection(ProjectConfigurationPlatforms) = postSolution
		{F1B3E6E5-B312-4731-A9B3-47C961EED9B9}.Debug|Any CPU.ActiveCfg = Debug|Any CPU
		{F1B3E6E5-B312-4731-A9B3-47C961EED9B9}.Debug|Any CPU.Build.0 = Debug|Any CPU
		{F1B3E6E5-B312-4731-A9B3-47C961EED9B9}.Release|Any CPU.ActiveCfg = Release|Any CPU
		{F1B3E6E5-B312-4731-A9B3-47C961EED9B9}.Release|Any CPU.Build.0 = Release|Any CPU
	EndGlobalSection
	GlobalSection(SolutionProperties) = preSolution
		HideSolutionNode = FALSE
	EndGlobalSection
	GlobalSection(ExtensibilityGlobals) = postSolution
		SolutionGuid = {E44EF2C0-FA51-471C-B457-4EA2CA406811}
	EndGlobalSection
	GlobalSection(TeamFoundationVersionControl) = preSolution
		SccNumberOfProjects = 2
		SccEnterpriseProvider = {4CA58AB2-18FA-4F8D-95D4-32DDF27D184C}
		SccTeamFoundationServer = https://phonglh.visualstudio.com/
		SccLocalPath0 = .
		SccProjectUniqueName1 = coctdm1.vbproj
		SccLocalPath1 = .
	EndGlobalSection
EndGlobal
