Microsoft Visual Studio Solution File, Format Version 12.00
# Visual Studio Version 16
VisualStudioVersion = 16.0.34301.259
MinimumVisualStudioVersion = 10.0.40219.1
Project("{F184B08F-C81C-45F6-A57F-5ABD9991F28F}") = "inctpnd", "inctpnd.vbproj", "{15CAA535-6B80-4857-9E8E-59436752231F}"
EndProject
Project("{F184B08F-C81C-45F6-A57F-5ABD9991F28F}") = "libscontrol", "..\..\..\Source_Standard\libscontrol\libscontrol.vbproj", "{33FCC781-238D-47CD-9294-6C873F308253}"
EndProject
Project("{F184B08F-C81C-45F6-A57F-5ABD9991F28F}") = "libssys", "..\..\..\Source_Standard\libssys\libssys.vbproj", "{72D39CBB-1827-4806-8352-E3A6F5CB1500}"
EndProject
Global
	GlobalSection(SolutionConfigurationPlatforms) = preSolution
		Debug|Any CPU = Debug|Any CPU
		Release|Any CPU = Release|Any CPU
	EndGlobalSection
	GlobalSection(ProjectConfigurationPlatforms) = postSolution
		{15CAA535-6B80-4857-9E8E-59436752231F}.Debug|Any CPU.ActiveCfg = Debug|Any CPU
		{15CAA535-6B80-4857-9E8E-59436752231F}.Debug|Any CPU.Build.0 = Debug|Any CPU
		{15CAA535-6B80-4857-9E8E-59436752231F}.Release|Any CPU.ActiveCfg = Release|Any CPU
		{15CAA535-6B80-4857-9E8E-59436752231F}.Release|Any CPU.Build.0 = Release|Any CPU
		{33FCC781-238D-47CD-9294-6C873F308253}.Debug|Any CPU.ActiveCfg = Release|Any CPU
		{33FCC781-238D-47CD-9294-6C873F308253}.Debug|Any CPU.Build.0 = Release|Any CPU
		{33FCC781-238D-47CD-9294-6C873F308253}.Release|Any CPU.ActiveCfg = Release|Any CPU
		{33FCC781-238D-47CD-9294-6C873F308253}.Release|Any CPU.Build.0 = Release|Any CPU
		{72D39CBB-1827-4806-8352-E3A6F5CB1500}.Debug|Any CPU.ActiveCfg = Release|Any CPU
		{72D39CBB-1827-4806-8352-E3A6F5CB1500}.Debug|Any CPU.Build.0 = Release|Any CPU
		{72D39CBB-1827-4806-8352-E3A6F5CB1500}.Release|Any CPU.ActiveCfg = Release|Any CPU
		{72D39CBB-1827-4806-8352-E3A6F5CB1500}.Release|Any CPU.Build.0 = Release|Any CPU
	EndGlobalSection
	GlobalSection(SolutionProperties) = preSolution
		HideSolutionNode = FALSE
	EndGlobalSection
	GlobalSection(ExtensibilityGlobals) = postSolution
		SolutionGuid = {5A76D3FB-B523-4B7E-81FC-1D0E7FCE1CC3}
	EndGlobalSection
EndGlobal
