Microsoft Visual Studio Solution File, Format Version 12.00
# Visual Studio 15
VisualStudioVersion = 15.0.28307.852
MinimumVisualStudioVersion = 10.0.40219.1
Project("{F184B08F-C81C-45F6-A57F-5ABD9991F28F}") = "soctsq1", "soctsq1.vbproj", "{E89A0522-E47B-4C4C-8104-81C2BA158E6E}"
EndProject
Global
	GlobalSection(SolutionConfigurationPlatforms) = preSolution
		Debug|Any CPU = Debug|Any CPU
		Release|Any CPU = Release|Any CPU
	EndGlobalSection
	GlobalSection(ProjectConfigurationPlatforms) = postSolution
		{E89A0522-E47B-4C4C-8104-81C2BA158E6E}.Debug|Any CPU.ActiveCfg = Debug|Any CPU
		{E89A0522-E47B-4C4C-8104-81C2BA158E6E}.Debug|Any CPU.Build.0 = Debug|Any CPU
		{E89A0522-E47B-4C4C-8104-81C2BA158E6E}.Release|Any CPU.ActiveCfg = Release|Any CPU
		{E89A0522-E47B-4C4C-8104-81C2BA158E6E}.Release|Any CPU.Build.0 = Release|Any CPU
	EndGlobalSection
	GlobalSection(SolutionProperties) = preSolution
		HideSolutionNode = FALSE
	EndGlobalSection
	GlobalSection(ExtensibilityGlobals) = postSolution
		SolutionGuid = {87A8476E-F2E6-4BEF-AF59-678348584C8E}
	EndGlobalSection
	GlobalSection(TeamFoundationVersionControl) = preSolution
		SccNumberOfProjects = 2
		SccEnterpriseProvider = {4CA58AB2-18FA-4F8D-95D4-32DDF27D184C}
		SccTeamFoundationServer = https://phonglh.visualstudio.com/
		SccProjectUniqueName0 = soctsq1.vbproj
		SccLocalPath0 = .
		SccLocalPath1 = .
	EndGlobalSection
EndGlobal
