Microsoft Visual Studio Solution File, Format Version 12.00
# Visual Studio Version 16
VisualStudioVersion = 16.0.37530.7
MinimumVisualStudioVersion = 10.0.40219.1
Project("{F184B08F-C81C-45F6-A57F-5ABD9991F28F}") = "invout_tattoan", "invout_tattoan.vbproj", "{EC5F5DE7-2769-4860-9655-2EC67B9A031C}"
EndProject
Global
	GlobalSection(SolutionConfigurationPlatforms) = preSolution
		Debug|Any CPU = Debug|Any CPU
		Release|Any CPU = Release|Any CPU
	EndGlobalSection
	GlobalSection(ProjectConfigurationPlatforms) = postSolution
		{EC5F5DE7-2769-4860-9655-2EC67B9A031C}.Debug|Any CPU.ActiveCfg = Debug|Any CPU
		{EC5F5DE7-2769-4860-9655-2EC67B9A031C}.Debug|Any CPU.Build.0 = Debug|Any CPU
		{EC5F5DE7-2769-4860-9655-2EC67B9A031C}.Release|Any CPU.ActiveCfg = Release|Any CPU
		{EC5F5DE7-2769-4860-9655-2EC67B9A031C}.Release|Any CPU.Build.0 = Release|Any CPU
	EndGlobalSection
	GlobalSection(SolutionProperties) = preSolution
		HideSolutionNode = FALSE
	EndGlobalSection
	GlobalSection(ExtensibilityGlobals) = postSolution
		SolutionGuid = {BCB3C803-29C4-4123-A418-D7048B457CA7}
	EndGlobalSection
EndGlobal
